github.com/go-scss/scss v0.0.0-20260905061546-39932e01faa4 h1:PpCxQnwQfCJXYKj1HdDjECB3u/c/c4wOawMPT5LCFVs=
github.com/go-scss/scss v0.0.0-20260905061546-39932e01faa4/go.mod h1:TcSRuwTSVas0+vXMRFdq4RiAmlaK+z5FQh1/6+4fWTo=
github.com/go-scss/scss v0.0.0-20261004225642-6bf9897d316e h1:4q8BukDDwjbR0cSX2smtsueyBLJXw1JuLKN93mQXyWw=
github.com/go-scss/scss v0.0.0-20261004225642-6bf9897d316e/go.mod h1:OydMhHyFGESWcvOoQgNMri3oC+XmjG1WnkbeEyHvfKY=
